
Microsoft Visual Studio Solution File, Format Version 12.00
# Visual Studio 15
VisualStudioVersion = 15.0.26124.0
MinimumVisualStudioVersion = 15.0.26124.0
Project("{FAE04EC0-301F-11D3-BF4B-00C04F79EFBC}") = "MvcSalesApp.Data", "MvcSalesApp.Data\MvcSalesApp.Data.csproj", "{E85E9ADF-D13A-44FF-9F6F-374D75F3225A}"
EndProject
Project("{FAE04EC0-301F-11D3-BF4B-00C04F79EFBC}") = "MvcSalesApp.Domain", "MvcSalesApp.Domain\MvcSalesApp.Domain.csproj", "{C4863001-39C0-4BE6-9BC1-DD648EDC83DD}"
EndProject
Project("{FAE04EC0-301F-11D3-BF4B-00C04F79EFBC}") = "MvcSalesApp.Web", "MvcSalesApp.Web\MvcSalesApp.Web.csproj", "{43EFF31A-DCC5-4CE0-9BD6-BBC8A9E27D3D}"
EndProject
Project("{FAE04EC0-301F-11D3-BF4B-00C04F79EFBC}") = "SharedKernel.Data", "SharedKernel.Data\SharedKernel.Data.csproj", "{0D962120-F538-4556-B76C-C310775F00DE}"
EndProject
Global
	GlobalSection(SolutionConfigurationPlatforms) = preSolution
		Debug|Any CPU = Debug|Any CPU
		Debug|x64 = Debug|x64
		Debug|x86 = Debug|x86
		Release|Any CPU = Release|Any CPU
		Release|x64 = Release|x64
		Release|x86 = Release|x86
	EndGlobalSection
	GlobalSection(SolutionProperties) = preSolution
		HideSolutionNode = FALSE
	EndGlobalSection
	GlobalSection(ProjectConfigurationPlatforms) = postSolution
		{E85E9ADF-D13A-44FF-9F6F-374D75F3225A}.Debug|Any CPU.ActiveCfg = Debug|Any CPU
		{E85E9ADF-D13A-44FF-9F6F-374D75F3225A}.Debug|Any CPU.Build.0 = Debug|Any CPU
		{E85E9ADF-D13A-44FF-9F6F-374D75F3225A}.Debug|x64.ActiveCfg = Debug|Any CPU
		{E85E9ADF-D13A-44FF-9F6F-374D75F3225A}.Debug|x64.Build.0 = Debug|Any CPU
		{E85E9ADF-D13A-44FF-9F6F-374D75F3225A}.Debug|x86.ActiveCfg = Debug|Any CPU
		{E85E9ADF-D13A-44FF-9F6F-374D75F3225A}.Debug|x86.Build.0 = Debug|Any CPU
		{E85E9ADF-D13A-44FF-9F6F-374D75F3225A}.Release|Any CPU.ActiveCfg = Release|Any CPU
		{E85E9ADF-D13A-44FF-9F6F-374D75F3225A}.Release|Any CPU.Build.0 = Release|Any CPU
		{E85E9ADF-D13A-44FF-9F6F-374D75F3225A}.Release|x64.ActiveCfg = Release|Any CPU
		{E85E9ADF-D13A-44FF-9F6F-374D75F3225A}.Release|x64.Build.0 = Release|Any CPU
		{E85E9ADF-D13A-44FF-9F6F-374D75F3225A}.Release|x86.ActiveCfg = Release|Any CPU
		{E85E9ADF-D13A-44FF-9F6F-374D75F3225A}.Release|x86.Build.0 = Release|Any CPU
		{C4863001-39C0-4BE6-9BC1-DD648EDC83DD}.Debug|Any CPU.ActiveCfg = Debug|Any CPU
		{C4863001-39C0-4BE6-9BC1-DD648EDC83DD}.Debug|Any CPU.Build.0 = Debug|Any CPU
		{C4863001-39C0-4BE6-9BC1-DD648EDC83DD}.Debug|x64.ActiveCfg = Debug|Any CPU
		{C4863001-39C0-4BE6-9BC1-DD648EDC83DD}.Debug|x64.Build.0 = Debug|Any CPU
		{C4863001-39C0-4BE6-9BC1-DD648EDC83DD}.Debug|x86.ActiveCfg = Debug|Any CPU
		{C4863001-39C0-4BE6-9BC1-DD648EDC83DD}.Debug|x86.Build.0 = Debug|Any CPU
		{C4863001-39C0-4BE6-9BC1-DD648EDC83DD}.Release|Any CPU.ActiveCfg = Release|Any CPU
		{C4863001-39C0-4BE6-9BC1-DD648EDC83DD}.Release|Any CPU.Build.0 = Release|Any CPU
		{C4863001-39C0-4BE6-9BC1-DD648EDC83DD}.Release|x64.ActiveCfg = Release|Any CPU
		{C4863001-39C0-4BE6-9BC1-DD648EDC83DD}.Release|x64.Build.0 = Release|Any CPU
		{C4863001-39C0-4BE6-9BC1-DD648EDC83DD}.Release|x86.ActiveCfg = Release|Any CPU
		{C4863001-39C0-4BE6-9BC1-DD648EDC83DD}.Release|x86.Build.0 = Release|Any CPU
		{43EFF31A-DCC5-4CE0-9BD6-BBC8A9E27D3D}.Debug|Any CPU.ActiveCfg = Debug|Any CPU
		{43EFF31A-DCC5-4CE0-9BD6-BBC8A9E27D3D}.Debug|Any CPU.Build.0 = Debug|Any CPU
		{43EFF31A-DCC5-4CE0-9BD6-BBC8A9E27D3D}.Debug|x64.ActiveCfg = Debug|Any CPU
		{43EFF31A-DCC5-4CE0-9BD6-BBC8A9E27D3D}.Debug|x64.Build.0 = Debug|Any CPU
		{43EFF31A-DCC5-4CE0-9BD6-BBC8A9E27D3D}.Debug|x86.ActiveCfg = Debug|Any CPU
		{43EFF31A-DCC5-4CE0-9BD6-BBC8A9E27D3D}.Debug|x86.Build.0 = Debug|Any CPU
		{43EFF31A-DCC5-4CE0-9BD6-BBC8A9E27D3D}.Release|Any CPU.ActiveCfg = Release|Any CPU
		{43EFF31A-DCC5-4CE0-9BD6-BBC8A9E27D3D}.Release|Any CPU.Build.0 = Release|Any CPU
		{43EFF31A-DCC5-4CE0-9BD6-BBC8A9E27D3D}.Release|x64.ActiveCfg = Release|Any CPU
		{43EFF31A-DCC5-4CE0-9BD6-BBC8A9E27D3D}.Release|x64.Build.0 = Release|Any CPU
		{43EFF31A-DCC5-4CE0-9BD6-BBC8A9E27D3D}.Release|x86.ActiveCfg = Release|Any CPU
		{43EFF31A-DCC5-4CE0-9BD6-BBC8A9E27D3D}.Release|x86.Build.0 = Release|Any CPU
		{0D962120-F538-4556-B76C-C310775F00DE}.Debug|Any CPU.ActiveCfg = Debug|Any CPU
		{0D962120-F538-4556-B76C-C310775F00DE}.Debug|Any CPU.Build.0 = Debug|Any CPU
		{0D962120-F538-4556-B76C-C310775F00DE}.Debug|x64.ActiveCfg = Debug|Any CPU
		{0D962120-F538-4556-B76C-C310775F00DE}.Debug|x64.Build.0 = Debug|Any CPU
		{0D962120-F538-4556-B76C-C310775F00DE}.Debug|x86.ActiveCfg = Debug|Any CPU
		{0D962120-F538-4556-B76C-C310775F00DE}.Debug|x86.Build.0 = Debug|Any CPU
		{0D962120-F538-4556-B76C-C310775F00DE}.Release|Any CPU.ActiveCfg = Release|Any CPU
		{0D962120-F538-4556-B76C-C310775F00DE}.Release|Any CPU.Build.0 = Release|Any CPU
		{0D962120-F538-4556-B76C-C310775F00DE}.Release|x64.ActiveCfg = Release|Any CPU
		{0D962120-F538-4556-B76C-C310775F00DE}.Release|x64.Build.0 = Release|Any CPU
		{0D962120-F538-4556-B76C-C310775F00DE}.Release|x86.ActiveCfg = Release|Any CPU
		{0D962120-F538-4556-B76C-C310775F00DE}.Release|x86.Build.0 = Release|Any CPU
	EndGlobalSection
EndGlobal
